{
  "nodes": {
    "dagger": {
      "inputs": {
        "nixpkgs": [
          "nixpkgs"
        ]
      },
      "locked": {
        "lastModified": 1713273854,
        "narHash": "sha256-KNq2YJa9SsPKb7BvRtoJyyGKS4pw3TPKSTuhlj+sWCg=",
        "owner": "dagger",
        "repo": "nix",
        "rev": "dd0199825d18b6f47c692c4345dd28a6f6122958",
        "type": "github"
      },
      "original": {
        "owner": "dagger",
        "repo": "nix",
        "type": "github"
      }
    },
    "home-manager": {
      "inputs": {
        "nixpkgs": [
          "nixpkgs"
        ]
      },
      "locked": {
        "lastModified": 1713547559,
        "narHash": "sha256-zju60y4pyYQoRmqhbgkw+jwmKZReVsCNvb8mZxID2Do=",
        "owner": "nix-community",
        "repo": "home-manager",
        "rev": "938357cb234e85da37109df2cdd9cc59ab9c1cc0",
        "type": "github"
      },
      "original": {
        "owner": "nix-community",
        "repo": "home-manager",
        "type": "github"
      }
    },
    "nixpkgs": {
      "locked": {
        "lastModified": 1713297878,
        "narHash": "sha256-hOkzkhLT59wR8VaMbh1ESjtZLbGi+XNaBN6h49SPqEc=",
        "owner": "nixos",
        "repo": "nixpkgs",
        "rev": "66adc1e47f8784803f2deb6cacd5e07264ec2d5c",
        "type": "github"
      },
      "original": {
        "owner": "nixos",
        "ref": "nixos-unstable",
        "repo": "nixpkgs",
        "type": "github"
      }
    },
    "root": {
      "inputs": {
        "dagger": "dagger",
        "home-manager": "home-manager",
        "nixpkgs": "nixpkgs"
      }
    }
  },
  "root": "root",
  "version": 7
}
