{
  "nodes": {
    "base16": {
      "inputs": {
        "fromYaml": "fromYaml"
      },
      "locked": {
        "lastModified": 1746562888,
        "narHash": "sha256-YgNJQyB5dQiwavdDFBMNKk1wyS77AtdgDk/VtU6wEaI=",
        "owner": "SenchoPens",
        "repo": "base16.nix",
        "rev": "806a1777a5db2a1ef9d5d6f493ef2381047f2b89",
        "type": "github"
      },
      "original": {
        "owner": "SenchoPens",
        "repo": "base16.nix",
        "type": "github"
      }
    },
    "base16-fish": {
      "flake": false,
      "locked": {
        "lastModified": 1622559957,
        "narHash": "sha256-PebymhVYbL8trDVVXxCvZgc0S5VxI7I1Hv4RMSquTpA=",
        "owner": "tomyun",
        "repo": "base16-fish",
        "rev": "2f6dd973a9075dabccd26f1cded09508180bf5fe",
        "type": "github"
      },
      "original": {
        "owner": "tomyun",
        "repo": "base16-fish",
        "type": "github"
      }
    },
    "base16-helix": {
      "flake": false,
      "locked": {
        "lastModified": 1748408240,
        "narHash": "sha256-9M2b1rMyMzJK0eusea0x3lyh3mu5nMeEDSc4RZkGm+g=",
        "owner": "tinted-theming",
        "repo": "base16-helix",
        "rev": "6c711ab1a9db6f51e2f6887cc3345530b33e152e",
        "type": "github"
      },
      "original": {
        "owner": "tinted-theming",
        "repo": "base16-helix",
        "type": "github"
      }
    },
    "base16-vim": {
      "flake": false,
      "locked": {
        "lastModified": 1732806396,
        "narHash": "sha256-e0bpPySdJf0F68Ndanwm+KWHgQiZ0s7liLhvJSWDNsA=",
        "owner": "tinted-theming",
        "repo": "base16-vim",
        "rev": "577fe8125d74ff456cf942c733a85d769afe58b7",
        "type": "github"
      },
      "original": {
        "owner": "tinted-theming",
        "repo": "base16-vim",
        "rev": "577fe8125d74ff456cf942c733a85d769afe58b7",
        "type": "github"
      }
    },
    "cl-nix-lite": {
      "locked": {
        "lastModified": 1728174978,
        "narHash": "sha256-Grqqg+xuicANB85j0gNEXxi9SBKY7bzGeTuyi95eGcY=",
        "owner": "hraban",
        "repo": "cl-nix-lite",
        "rev": "31cfe6275c341eb3120a99f4b1c8516c49a29d87",
        "type": "github"
      },
      "original": {
        "owner": "hraban",
        "repo": "cl-nix-lite",
        "type": "github"
      }
    },
    "crane": {
      "locked": {
        "lastModified": 1730060262,
        "narHash": "sha256-RMgSVkZ9H03sxC+Vh4jxtLTCzSjPq18UWpiM0gq6shQ=",
        "owner": "ipetkov",
        "repo": "crane",
        "rev": "498d9f122c413ee1154e8131ace5a35a80d8fa76",
        "type": "github"
      },
      "original": {
        "owner": "ipetkov",
        "repo": "crane",
        "type": "github"
      }
    },
    "dagger": {
      "inputs": {
        "nixpkgs": [
          "nixpkgs"
        ]
      },
      "locked": {
        "lastModified": 1751047013,
        "narHash": "sha256-tTSoVC0ZCvkI+IMbSJF1J0ECKyZ9a7d24z3jWLVK+FY=",
        "owner": "dagger",
        "repo": "nix",
        "rev": "7765e3fc447077d6ad200df1cd40ec171f16af91",
        "type": "github"
      },
      "original": {
        "owner": "dagger",
        "repo": "nix",
        "type": "github"
      }
    },
    "firefox-gnome-theme": {
      "flake": false,
      "locked": {
        "lastModified": 1748383148,
        "narHash": "sha256-pGvD/RGuuPf/4oogsfeRaeMm6ipUIznI2QSILKjKzeA=",
        "owner": "rafaelmardojai",
        "repo": "firefox-gnome-theme",
        "rev": "4eb2714fbed2b80e234312611a947d6cb7d70caf",
        "type": "github"
      },
      "original": {
        "owner": "rafaelmardojai",
        "repo": "firefox-gnome-theme",
        "type": "github"
      }
    },
    "flake-compat": {
      "flake": false,
      "locked": {
        "lastModified": 1730663653,
        "narHash": "sha256-kFCUWettiFHDIqxCWWQ9qY8pVh+Lj+XL0Giyy/kdomg=",
        "owner": "hraban",
        "repo": "flake-compat",
        "rev": "e5b16676185cb7548581c852f51ce7f3a49bba5e",
        "type": "github"
      },
      "original": {
        "owner": "hraban",
        "ref": "fixed-output",
        "repo": "flake-compat",
        "type": "github"
      }
    },
    "flake-compat_2": {
      "locked": {
        "lastModified": 1733328505,
        "narHash": "sha256-NeCCThCEP3eCl2l/+27kNNK7QrwZB1IJCrXfrbv5oqU=",
        "rev": "ff81ac966bb2cae68946d5ed5fc4994f96d0ffec",
        "revCount": 69,
        "type": "tarball",
        "url": "https://api.flakehub.com/f/pinned/edolstra/flake-compat/1.1.0/01948eb7-9cba-704f-bbf3-3fa956735b52/source.tar.gz?rev=ff81ac966bb2cae68946d5ed5fc4994f96d0ffec&revCount=69"
      },
      "original": {
        "type": "tarball",
        "url": "https://flakehub.com/f/edolstra/flake-compat/1.tar.gz"
      }
    },
    "flake-parts": {
      "inputs": {
        "nixpkgs-lib": "nixpkgs-lib"
      },
      "locked": {
        "lastModified": 1749398372,
        "narHash": "sha256-tYBdgS56eXYaWVW3fsnPQ/nFlgWi/Z2Ymhyu21zVM98=",
        "owner": "hercules-ci",
        "repo": "flake-parts",
        "rev": "9305fe4e5c2a6fcf5ba6a3ff155720fbe4076569",
        "type": "github"
      },
      "original": {
        "owner": "hercules-ci",
        "repo": "flake-parts",
        "type": "github"
      }
    },
    "flake-parts_2": {
      "inputs": {
        "nixpkgs-lib": [
          "stylix",
          "nixpkgs"
        ]
      },
      "locked": {
        "lastModified": 1743550720,
        "narHash": "sha256-hIshGgKZCgWh6AYJpJmRgFdR3WUbkY04o82X05xqQiY=",
        "owner": "hercules-ci",
        "repo": "flake-parts",
        "rev": "c621e8422220273271f52058f618c94e405bb0f5",
        "type": "github"
      },
      "original": {
        "owner": "hercules-ci",
        "repo": "flake-parts",
        "type": "github"
      }
    },
    "flake-utils": {
      "inputs": {
        "systems": "systems"
      },
      "locked": {
        "lastModified": 1710146030,
        "narHash": "sha256-SZ5L6eA7HJ/nmkzGG7/ISclqe6oZdOZTNoesiInkXPQ=",
        "owner": "numtide",
        "repo": "flake-utils",
        "rev": "b1d9ab70662946ef0850d488da1c9019f3a9752a",
        "type": "github"
      },
      "original": {
        "owner": "numtide",
        "repo": "flake-utils",
        "type": "github"
      }
    },
    "flake-utils_2": {
      "inputs": {
        "systems": [
          "mac-app-util",
          "systems"
        ]
      },
      "locked": {
        "lastModified": 1731533236,
        "narHash": "sha256-l0KFg5HjrsfsO/JpG+r7fRrqm12kzFHyUHqHCVpMMbI=",
        "owner": "numtide",
        "repo": "flake-utils",
        "rev": "11707dc2f618dd54ca8739b309ec4fc024de578b",
        "type": "github"
      },
      "original": {
        "id": "flake-utils",
        "type": "indirect"
      }
    },
    "flake-utils_3": {
      "inputs": {
        "systems": "systems_3"
      },
      "locked": {
        "lastModified": 1726560853,
        "narHash": "sha256-X6rJYSESBVr3hBoH0WbKE5KvhPU5bloyZ2L4K60/fPQ=",
        "owner": "numtide",
        "repo": "flake-utils",
        "rev": "c1dfcf08411b08f6b8615f7d8971a2bfa81d5e8a",
        "type": "github"
      },
      "original": {
        "owner": "numtide",
        "repo": "flake-utils",
        "type": "github"
      }
    },
    "flake-utils_4": {
      "inputs": {
        "systems": "systems_5"
      },
      "locked": {
        "lastModified": 1731533236,
        "narHash": "sha256-l0KFg5HjrsfsO/JpG+r7fRrqm12kzFHyUHqHCVpMMbI=",
        "owner": "numtide",
        "repo": "flake-utils",
        "rev": "11707dc2f618dd54ca8739b309ec4fc024de578b",
        "type": "github"
      },
      "original": {
        "owner": "numtide",
        "repo": "flake-utils",
        "type": "github"
      }
    },
    "fromYaml": {
      "flake": false,
      "locked": {
        "lastModified": 1731966426,
        "narHash": "sha256-lq95WydhbUTWig/JpqiB7oViTcHFP8Lv41IGtayokA8=",
        "owner": "SenchoPens",
        "repo": "fromYaml",
        "rev": "106af9e2f715e2d828df706c386a685698f3223b",
        "type": "github"
      },
      "original": {
        "owner": "SenchoPens",
        "repo": "fromYaml",
        "type": "github"
      }
    },
    "gnome-shell": {
      "flake": false,
      "locked": {
        "lastModified": 1748186689,
        "narHash": "sha256-UaD7Y9f8iuLBMGHXeJlRu6U1Ggw5B9JnkFs3enZlap0=",
        "owner": "GNOME",
        "repo": "gnome-shell",
        "rev": "8c88f917db0f1f0d80fa55206c863d3746fa18d0",
        "type": "github"
      },
      "original": {
        "owner": "GNOME",
        "ref": "48.2",
        "repo": "gnome-shell",
        "type": "github"
      }
    },
    "hmm": {
      "inputs": {
        "flake-utils": "flake-utils",
        "nixpkgs": "nixpkgs"
      },
      "locked": {
        "lastModified": 1746845388,
        "narHash": "sha256-tizSnxy7y7iBm7jSYf87+ndfqJ4DwGTS0AbHgo8HJh0=",
        "owner": "KGB33",
        "repo": "hmm",
        "rev": "8da9c0ee762dd05308faa3c135b42bfd2c311dbd",
        "type": "github"
      },
      "original": {
        "owner": "KGB33",
        "repo": "hmm",
        "type": "github"
      }
    },
    "home-manager": {
      "inputs": {
        "nixpkgs": [
          "nixpkgs"
        ]
      },
      "locked": {
        "lastModified": 1751824240,
        "narHash": "sha256-aDDC0CHTlL7QDKWWhdbEgVPK6KwWt+ca0QkmHYZxMzI=",
        "owner": "nix-community",
        "repo": "home-manager",
        "rev": "fd9e55f5fac45a26f6169310afca64d56b681935",
        "type": "github"
      },
      "original": {
        "owner": "nix-community",
        "repo": "home-manager",
        "type": "github"
      }
    },
    "mac-app-util": {
      "inputs": {
        "cl-nix-lite": "cl-nix-lite",
        "flake-compat": "flake-compat",
        "flake-utils": "flake-utils_2",
        "nixpkgs": "nixpkgs_2",
        "systems": "systems_2"
      },
      "locked": {
        "lastModified": 1742156590,
        "narHash": "sha256-aTM/2CrNN5utdVEQGsOA+kl4UozgH7VPLBQL5OXtBrg=",
        "owner": "hraban",
        "repo": "mac-app-util",
        "rev": "341ede93f290df7957047682482c298e47291b4d",
        "type": "github"
      },
      "original": {
        "owner": "hraban",
        "repo": "mac-app-util",
        "type": "github"
      }
    },
    "naersk": {
      "inputs": {
        "nixpkgs": "nixpkgs_7"
      },
      "locked": {
        "lastModified": 1745925850,
        "narHash": "sha256-cyAAMal0aPrlb1NgzMxZqeN1mAJ2pJseDhm2m6Um8T0=",
        "owner": "nix-community",
        "repo": "naersk",
        "rev": "38bc60bbc157ae266d4a0c96671c6c742ee17a5f",
        "type": "github"
      },
      "original": {
        "owner": "nix-community",
        "repo": "naersk",
        "type": "github"
      }
    },
    "nasty": {
      "inputs": {
        "crane": "crane",
        "flake-utils": "flake-utils_3",
        "nixpkgs": "nixpkgs_3",
        "rust-overlay": "rust-overlay"
      },
      "locked": {
        "lastModified": 1730159847,
        "narHash": "sha256-F+BVC31oSAoEK9CMET2W6JSY52pIrl+DEWQeXucGRDg=",
        "owner": "KGB33",
        "repo": "nasty",
        "rev": "7e2c5f5ea50516f8529ec8928f171b53f06918c1",
        "type": "github"
      },
      "original": {
        "owner": "KGB33",
        "repo": "nasty",
        "type": "github"
      }
    },
    "niri": {
      "inputs": {
        "niri-stable": "niri-stable",
        "niri-unstable": "niri-unstable",
        "nixpkgs": [
          "nixpkgs"
        ],
        "nixpkgs-stable": "nixpkgs-stable",
        "xwayland-satellite-stable": "xwayland-satellite-stable",
        "xwayland-satellite-unstable": "xwayland-satellite-unstable"
      },
      "locked": {
        "lastModified": 1751926735,
        "narHash": "sha256-/GtMm16k1Diq7BXpfDIM3zZNN/2S8tZWvAg5Wp15fB8=",
        "owner": "sodiboo",
        "repo": "niri-flake",
        "rev": "bd6572938cfc9d7749e55082b910050c3271f841",
        "type": "github"
      },
      "original": {
        "owner": "sodiboo",
        "repo": "niri-flake",
        "type": "github"
      }
    },
    "niri-stable": {
      "flake": false,
      "locked": {
        "lastModified": 1748151941,
        "narHash": "sha256-z4viQZLgC2bIJ3VrzQnR+q2F3gAOEQpU1H5xHtX/2fs=",
        "owner": "YaLTeR",
        "repo": "niri",
        "rev": "8ba57fcf25d2fc9565131684a839d58703f1dae7",
        "type": "github"
      },
      "original": {
        "owner": "YaLTeR",
        "ref": "v25.05.1",
        "repo": "niri",
        "type": "github"
      }
    },
    "niri-unstable": {
      "flake": false,
      "locked": {
        "lastModified": 1750791124,
        "narHash": "sha256-F5iVU/hjoSHSSe0gllxm0PcAaseEtGNanYK5Ha3k2Tg=",
        "owner": "YaLTeR",
        "repo": "niri",
        "rev": "37458d94b288945f6cfbd3c5c233f634d59f246c",
        "type": "github"
      },
      "original": {
        "owner": "YaLTeR",
        "repo": "niri",
        "type": "github"
      }
    },
    "nixcord": {
      "inputs": {
        "flake-compat": "flake-compat_2",
        "flake-parts": "flake-parts",
        "nixpkgs": "nixpkgs_4"
      },
      "locked": {
        "lastModified": 1751938136,
        "narHash": "sha256-9LiLQgnuP4B5jAM6oGC8UKZXh3emFGwltF9YyK5OZpM=",
        "owner": "kaylorben",
        "repo": "nixcord",
        "rev": "ba124c7bfd13da257f621f7b2b74e750f527a5c1",
        "type": "github"
      },
      "original": {
        "owner": "kaylorben",
        "repo": "nixcord",
        "type": "github"
      }
    },
    "nixos-hardware": {
      "locked": {
        "lastModified": 1751432711,
        "narHash": "sha256-136MeWtckSHTN9Z2WRNRdZ8oRP3vyx3L8UxeBYE+J9w=",
        "owner": "NixOS",
        "repo": "nixos-hardware",
        "rev": "497ae1357f1ac97f1aea31a4cb74ad0d534ef41f",
        "type": "github"
      },
      "original": {
        "owner": "NixOS",
        "ref": "master",
        "repo": "nixos-hardware",
        "type": "github"
      }
    },
    "nixpkgs": {
      "locked": {
        "lastModified": 1715971736,
        "narHash": "sha256-Ayr2X/PDChkkJyAxlHigf+8pxDTvNUMmxtuCCEuAYz4=",
        "owner": "NixOS",
        "repo": "nixpkgs",
        "rev": "627986f46492eb435033e49bba6567409e6e29e1",
        "type": "github"
      },
      "original": {
        "owner": "NixOS",
        "repo": "nixpkgs",
        "type": "github"
      }
    },
    "nixpkgs-lib": {
      "locked": {
        "lastModified": 1748740939,
        "narHash": "sha256-rQaysilft1aVMwF14xIdGS3sj1yHlI6oKQNBRTF40cc=",
        "owner": "nix-community",
        "repo": "nixpkgs.lib",
        "rev": "656a64127e9d791a334452c6b6606d17539476e2",
        "type": "github"
      },
      "original": {
        "owner": "nix-community",
        "repo": "nixpkgs.lib",
        "type": "github"
      }
    },
    "nixpkgs-mozilla": {
      "flake": false,
      "locked": {
        "lastModified": 1744624473,
        "narHash": "sha256-S6zT/w5SyAkJ//dYdjbrXgm+6Vkd/k7qqUl4WgZ6jjk=",
        "owner": "mozilla",
        "repo": "nixpkgs-mozilla",
        "rev": "2292d4b35aa854e312ad2e95c4bb5c293656f21a",
        "type": "github"
      },
      "original": {
        "owner": "mozilla",
        "repo": "nixpkgs-mozilla",
        "type": "github"
      }
    },
    "nixpkgs-stable": {
      "locked": {
        "lastModified": 1751741127,
        "narHash": "sha256-t75Shs76NgxjZSgvvZZ9qOmz5zuBE8buUaYD28BMTxg=",
        "owner": "NixOS",
        "repo": "nixpkgs",
        "rev": "29e290002bfff26af1db6f64d070698019460302",
        "type": "github"
      },
      "original": {
        "owner": "NixOS",
        "ref": "nixos-25.05",
        "repo": "nixpkgs",
        "type": "github"
      }
    },
    "nixpkgs_2": {
      "locked": {
        "lastModified": 1732617236,
        "narHash": "sha256-PYkz6U0bSEaEB1al7O1XsqVNeSNS+s3NVclJw7YC43w=",
        "owner": "NixOS",
        "repo": "nixpkgs",
        "rev": "af51545ec9a44eadf3fe3547610a5cdd882bc34e",
        "type": "github"
      },
      "original": {
        "owner": "NixOS",
        "repo": "nixpkgs",
        "rev": "af51545ec9a44eadf3fe3547610a5cdd882bc34e",
        "type": "github"
      }
    },
    "nixpkgs_3": {
      "locked": {
        "lastModified": 1729880355,
        "narHash": "sha256-RP+OQ6koQQLX5nw0NmcDrzvGL8HDLnyXt/jHhL1jwjM=",
        "owner": "NixOS",
        "repo": "nixpkgs",
        "rev": "18536bf04cd71abd345f9579158841376fdd0c5a",
        "type": "github"
      },
      "original": {
        "owner": "NixOS",
        "ref": "nixos-unstable",
        "repo": "nixpkgs",
        "type": "github"
      }
    },
    "nixpkgs_4": {
      "locked": {
        "lastModified": 1749494155,
        "narHash": "sha256-FG4DEYBpROupu758beabUk9lhrblSf5hnv84v1TLqMc=",
        "owner": "NixOS",
        "repo": "nixpkgs",
        "rev": "88331c17ba434359491e8d5889cce872464052c2",
        "type": "github"
      },
      "original": {
        "owner": "NixOS",
        "ref": "nixos-25.05",
        "repo": "nixpkgs",
        "type": "github"
      }
    },
    "nixpkgs_5": {
      "locked": {
        "lastModified": 1751792365,
        "narHash": "sha256-J1kI6oAj25IG4EdVlg2hQz8NZTBNYvIS0l4wpr9KcUo=",
        "owner": "nixos",
        "repo": "nixpkgs",
        "rev": "1fd8bada0b6117e6c7eb54aad5813023eed37ccb",
        "type": "github"
      },
      "original": {
        "owner": "nixos",
        "ref": "nixos-unstable",
        "repo": "nixpkgs",
        "type": "github"
      }
    },
    "nixpkgs_6": {
      "locked": {
        "lastModified": 1748460289,
        "narHash": "sha256-7doLyJBzCllvqX4gszYtmZUToxKvMUrg45EUWaUYmBg=",
        "owner": "NixOS",
        "repo": "nixpkgs",
        "rev": "96ec055edbe5ee227f28cdbc3f1ddf1df5965102",
        "type": "github"
      },
      "original": {
        "owner": "NixOS",
        "ref": "nixos-unstable",
        "repo": "nixpkgs",
        "type": "github"
      }
    },
    "nixpkgs_7": {
      "locked": {
        "lastModified": 1749111037,
        "narHash": "sha256-V5fbB7XUPz8qtuJntul/7PABtP35tlmcYpriRvJ3EBw=",
        "owner": "NixOS",
        "repo": "nixpkgs",
        "rev": "ec62ae342c340d24289735e31eb9155261cd5fe7",
        "type": "github"
      },
      "original": {
        "owner": "NixOS",
        "ref": "nixpkgs-unstable",
        "repo": "nixpkgs",
        "type": "github"
      }
    },
    "nixpkgs_8": {
      "locked": {
        "lastModified": 1749111037,
        "narHash": "sha256-V5fbB7XUPz8qtuJntul/7PABtP35tlmcYpriRvJ3EBw=",
        "owner": "NixOS",
        "repo": "nixpkgs",
        "rev": "ec62ae342c340d24289735e31eb9155261cd5fe7",
        "type": "github"
      },
      "original": {
        "owner": "NixOS",
        "ref": "nixpkgs-unstable",
        "repo": "nixpkgs",
        "type": "github"
      }
    },
    "nur": {
      "inputs": {
        "flake-parts": [
          "stylix",
          "flake-parts"
        ],
        "nixpkgs": [
          "stylix",
          "nixpkgs"
        ],
        "treefmt-nix": "treefmt-nix"
      },
      "locked": {
        "lastModified": 1748730660,
        "narHash": "sha256-5LKmRYKdPuhm8j5GFe3AfrJL8dd8o57BQ34AGjJl1R0=",
        "owner": "nix-community",
        "repo": "NUR",
        "rev": "2c0bc52fe14681e9ef60e3553888c4f086e46ecb",
        "type": "github"
      },
      "original": {
        "owner": "nix-community",
        "repo": "NUR",
        "type": "github"
      }
    },
    "root": {
      "inputs": {
        "dagger": "dagger",
        "hmm": "hmm",
        "home-manager": "home-manager",
        "mac-app-util": "mac-app-util",
        "nasty": "nasty",
        "niri": "niri",
        "nixcord": "nixcord",
        "nixos-hardware": "nixos-hardware",
        "nixpkgs": "nixpkgs_5",
        "stylix": "stylix",
        "television": "television"
      }
    },
    "rust-overlay": {
      "inputs": {
        "nixpkgs": [
          "nasty",
          "nixpkgs"
        ]
      },
      "locked": {
        "lastModified": 1730082698,
        "narHash": "sha256-xGP95+G2/esys6FpxrunwwfhirfGsFfPKBJ12MLV1Ps=",
        "owner": "oxalica",
        "repo": "rust-overlay",
        "rev": "0d594a39c8f08d81246d06a56e1ccfc04782404f",
        "type": "github"
      },
      "original": {
        "owner": "oxalica",
        "repo": "rust-overlay",
        "type": "github"
      }
    },
    "stylix": {
      "inputs": {
        "base16": "base16",
        "base16-fish": "base16-fish",
        "base16-helix": "base16-helix",
        "base16-vim": "base16-vim",
        "firefox-gnome-theme": "firefox-gnome-theme",
        "flake-parts": "flake-parts_2",
        "gnome-shell": "gnome-shell",
        "nixpkgs": "nixpkgs_6",
        "nur": "nur",
        "systems": "systems_4",
        "tinted-foot": "tinted-foot",
        "tinted-kitty": "tinted-kitty",
        "tinted-schemes": "tinted-schemes",
        "tinted-tmux": "tinted-tmux",
        "tinted-zed": "tinted-zed"
      },
      "locked": {
        "lastModified": 1751914048,
        "narHash": "sha256-xHO3xlw35tCC0f3pN3osPNjgwwwAgusTuZk5iC8oDiE=",
        "owner": "danth",
        "repo": "stylix",
        "rev": "bf0ef81c8fcc30c32db9dab32d379f8d9db835e4",
        "type": "github"
      },
      "original": {
        "owner": "danth",
        "repo": "stylix",
        "type": "github"
      }
    },
    "systems": {
      "locked": {
        "lastModified": 1681028828,
        "narHash": "sha256-Vy1rq5AaRuLzOxct8nz4T6wlgyUR7zLU309k9mBC768=",
        "owner": "nix-systems",
        "repo": "default",
        "rev": "da67096a3b9bf56a91d16901293e51ba5b49a27e",
        "type": "github"
      },
      "original": {
        "owner": "nix-systems",
        "repo": "default",
        "type": "github"
      }
    },
    "systems_2": {
      "locked": {
        "lastModified": 1689347925,
        "narHash": "sha256-ozenz5bFe1UUqOn7f60HRmgc01BgTGIKZ4Xl+HbocGQ=",
        "owner": "nix-systems",
        "repo": "default-darwin",
        "rev": "2235d7e6cc29ae99878133c95e9fe5e157661ffb",
        "type": "github"
      },
      "original": {
        "owner": "nix-systems",
        "repo": "default-darwin",
        "type": "github"
      }
    },
    "systems_3": {
      "locked": {
        "lastModified": 1681028828,
        "narHash": "sha256-Vy1rq5AaRuLzOxct8nz4T6wlgyUR7zLU309k9mBC768=",
        "owner": "nix-systems",
        "repo": "default",
        "rev": "da67096a3b9bf56a91d16901293e51ba5b49a27e",
        "type": "github"
      },
      "original": {
        "owner": "nix-systems",
        "repo": "default",
        "type": "github"
      }
    },
    "systems_4": {
      "locked": {
        "lastModified": 1681028828,
        "narHash": "sha256-Vy1rq5AaRuLzOxct8nz4T6wlgyUR7zLU309k9mBC768=",
        "owner": "nix-systems",
        "repo": "default",
        "rev": "da67096a3b9bf56a91d16901293e51ba5b49a27e",
        "type": "github"
      },
      "original": {
        "owner": "nix-systems",
        "repo": "default",
        "type": "github"
      }
    },
    "systems_5": {
      "locked": {
        "lastModified": 1681028828,
        "narHash": "sha256-Vy1rq5AaRuLzOxct8nz4T6wlgyUR7zLU309k9mBC768=",
        "owner": "nix-systems",
        "repo": "default",
        "rev": "da67096a3b9bf56a91d16901293e51ba5b49a27e",
        "type": "github"
      },
      "original": {
        "owner": "nix-systems",
        "repo": "default",
        "type": "github"
      }
    },
    "television": {
      "inputs": {
        "flake-utils": "flake-utils_4",
        "naersk": "naersk",
        "nixpkgs": "nixpkgs_8",
        "nixpkgs-mozilla": "nixpkgs-mozilla"
      },
      "locked": {
        "lastModified": 1752185206,
        "narHash": "sha256-eMUVMfh/u2A36TWIAKx3f33cPiZ4zUmum9t2wqlKROE=",
        "owner": "alexpasmantier",
        "repo": "television",
        "rev": "4e90a357e86048ae352896ecc5c9552ca83a5e98",
        "type": "github"
      },
      "original": {
        "owner": "alexpasmantier",
        "repo": "television",
        "type": "github"
      }
    },
    "tinted-foot": {
      "flake": false,
      "locked": {
        "lastModified": 1726913040,
        "narHash": "sha256-+eDZPkw7efMNUf3/Pv0EmsidqdwNJ1TaOum6k7lngDQ=",
        "owner": "tinted-theming",
        "repo": "tinted-foot",
        "rev": "fd1b924b6c45c3e4465e8a849e67ea82933fcbe4",
        "type": "github"
      },
      "original": {
        "owner": "tinted-theming",
        "repo": "tinted-foot",
        "rev": "fd1b924b6c45c3e4465e8a849e67ea82933fcbe4",
        "type": "github"
      }
    },
    "tinted-kitty": {
      "flake": false,
      "locked": {
        "lastModified": 1735730497,
        "narHash": "sha256-4KtB+FiUzIeK/4aHCKce3V9HwRvYaxX+F1edUrfgzb8=",
        "owner": "tinted-theming",
        "repo": "tinted-kitty",
        "rev": "de6f888497f2c6b2279361bfc790f164bfd0f3fa",
        "type": "github"
      },
      "original": {
        "owner": "tinted-theming",
        "repo": "tinted-kitty",
        "type": "github"
      }
    },
    "tinted-schemes": {
      "flake": false,
      "locked": {
        "lastModified": 1748180480,
        "narHash": "sha256-7n0XiZiEHl2zRhDwZd/g+p38xwEoWtT0/aESwTMXWG4=",
        "owner": "tinted-theming",
        "repo": "schemes",
        "rev": "87d652edd26f5c0c99deda5ae13dfb8ece2ffe31",
        "type": "github"
      },
      "original": {
        "owner": "tinted-theming",
        "repo": "schemes",
        "type": "github"
      }
    },
    "tinted-tmux": {
      "flake": false,
      "locked": {
        "lastModified": 1748740859,
        "narHash": "sha256-OEM12bg7F4N5WjZOcV7FHJbqRI6jtCqL6u8FtPrlZz4=",
        "owner": "tinted-theming",
        "repo": "tinted-tmux",
        "rev": "57d5f9683ff9a3b590643beeaf0364da819aedda",
        "type": "github"
      },
      "original": {
        "owner": "tinted-theming",
        "repo": "tinted-tmux",
        "type": "github"
      }
    },
    "tinted-zed": {
      "flake": false,
      "locked": {
        "lastModified": 1725758778,
        "narHash": "sha256-8P1b6mJWyYcu36WRlSVbuj575QWIFZALZMTg5ID/sM4=",
        "owner": "tinted-theming",
        "repo": "base16-zed",
        "rev": "122c9e5c0e6f27211361a04fae92df97940eccf9",
        "type": "github"
      },
      "original": {
        "owner": "tinted-theming",
        "repo": "base16-zed",
        "type": "github"
      }
    },
    "treefmt-nix": {
      "inputs": {
        "nixpkgs": [
          "stylix",
          "nur",
          "nixpkgs"
        ]
      },
      "locked": {
        "lastModified": 1733222881,
        "narHash": "sha256-JIPcz1PrpXUCbaccEnrcUS8jjEb/1vJbZz5KkobyFdM=",
        "owner": "numtide",
        "repo": "treefmt-nix",
        "rev": "49717b5af6f80172275d47a418c9719a31a78b53",
        "type": "github"
      },
      "original": {
        "owner": "numtide",
        "repo": "treefmt-nix",
        "type": "github"
      }
    },
    "xwayland-satellite-stable": {
      "flake": false,
      "locked": {
        "lastModified": 1748488455,
        "narHash": "sha256-IiLr1alzKFIy5tGGpDlabQbe6LV1c9ABvkH6T5WmyRI=",
        "owner": "Supreeeme",
        "repo": "xwayland-satellite",
        "rev": "3ba30b149f9eb2bbf42cf4758d2158ca8cceef73",
        "type": "github"
      },
      "original": {
        "owner": "Supreeeme",
        "ref": "v0.6",
        "repo": "xwayland-satellite",
        "type": "github"
      }
    },
    "xwayland-satellite-unstable": {
      "flake": false,
      "locked": {
        "lastModified": 1751228685,
        "narHash": "sha256-MENtauGBhJ+kDeFaawvWGXaFG3Il6qQzjaP0RmtfM0k=",
        "owner": "Supreeeme",
        "repo": "xwayland-satellite",
        "rev": "557ebeb616e03d5e4a8049862bbbd1f02c6f020b",
        "type": "github"
      },
      "original": {
        "owner": "Supreeeme",
        "repo": "xwayland-satellite",
        "type": "github"
      }
    }
  },
  "root": "root",
  "version": 7
}
